
Microsoft Visual Studio Solution File, Format Version 12.00
# Visual Studio Version 17
VisualStudioVersion = 17.9.34607.119
MinimumVisualStudioVersion = 10.0.40219.1
Project("{FAE04EC0-301F-11D3-BF4B-00C04F79EFBC}") = "snowy_ism", "snowy_ism\snowy_ism.csproj", "{4D490371-B2EC-4BFC-8367-3290BF616012}"
EndProject
Global
	GlobalSection(SolutionConfigurationPlatforms) = preSolution
		Debug|Any CPU = Debug|Any CPU
		Release|Any CPU = Release|Any CPU
	EndGlobalSection
	GlobalSection(ProjectConfigurationPlatforms) = postSolution
		{4D490371-B2EC-4BFC-8367-3290BF616012}.Debug|Any CPU.ActiveCfg = Debug|Any CPU
		{4D490371-B2EC-4BFC-8367-3290BF616012}.Debug|Any CPU.Build.0 = Debug|Any CPU
		{4D490371-B2EC-4BFC-8367-3290BF616012}.Release|Any CPU.ActiveCfg = Release|Any CPU
		{4D490371-B2EC-4BFC-8367-3290BF616012}.Release|Any CPU.Build.0 = Release|Any CPU
	EndGlobalSection
	GlobalSection(SolutionProperties) = preSolution
		HideSolutionNode = FALSE
	EndGlobalSection
	GlobalSection(ExtensibilityGlobals) = postSolution
		SolutionGuid = {AF3080FF-09F7-4BC1-91B3-B22C4C060EDA}
	EndGlobalSection
EndGlobal
